
Microsoft Visual Studio Solution File, Format Version 12.00
# Visual Studio Version 16
VisualStudioVersion = 16.0.33529.622
MinimumVisualStudioVersion = 10.0.40219.1
Project("{FAE04EC0-301F-11D3-BF4B-00C04F79EFBC}") = "App1.Android", "App1\App1.Android\App1.Android.csproj", "{816E219F-58C0-4378-9C09-315EE63B4118}"
EndProject
Project("{FAE04EC0-301F-11D3-BF4B-00C04F79EFBC}") = "App1.iOS", "App1\App1.iOS\App1.iOS.csproj", "{D247EAE0-7BBA-46D2-A688-F46E29124439}"
EndProject
Project("{FAE04EC0-301F-11D3-BF4B-00C04F79EFBC}") = "App1", "App1\App1\App1.csproj", "{331CE92F-2BC9-4A9C-9E8A-8FFCEEF1535A}"
EndProject
Global
	GlobalSection(SolutionConfigurationPlatforms) = preSolution
		Debug|Any CPU = Debug|Any CPU
		Debug|iPhone = Debug|iPhone
		Debug|iPhoneSimulator = Debug|iPhoneSimulator
		Release|Any CPU = Release|Any CPU
		Release|iPhone = Release|iPhone
		Release|iPhoneSimulator = Release|iPhoneSimulator
	EndGlobalSection
	GlobalSection(ProjectConfigurationPlatforms) = postSolution
		{816E219F-58C0-4378-9C09-315EE63B4118}.Debug|Any CPU.ActiveCfg = Debug|Any CPU
		{816E219F-58C0-4378-9C09-315EE63B4118}.Debug|Any CPU.Build.0 = Debug|Any CPU
		{816E219F-58C0-4378-9C09-315EE63B4118}.Debug|Any CPU.Deploy.0 = Debug|Any CPU
		{816E219F-58C0-4378-9C09-315EE63B4118}.Debug|iPhone.ActiveCfg = Debug|Any CPU
		{816E219F-58C0-4378-9C09-315EE63B4118}.Debug|iPhone.Build.0 = Debug|Any CPU
		{816E219F-58C0-4378-9C09-315EE63B4118}.Debug|iPhone.Deploy.0 = Debug|Any CPU
		{816E219F-58C0-4378-9C09-315EE63B4118}.Debug|iPhoneSimulator.ActiveCfg = Debug|Any CPU
		{816E219F-58C0-4378-9C09-315EE63B4118}.Debug|iPhoneSimulator.Build.0 = Debug|Any CPU
		{816E219F-58C0-4378-9C09-315EE63B4118}.Debug|iPhoneSimulator.Deploy.0 = Debug|Any CPU
		{816E219F-58C0-4378-9C09-315EE63B4118}.Release|Any CPU.ActiveCfg = Release|Any CPU
		{816E219F-58C0-4378-9C09-315EE63B4118}.Release|Any CPU.Build.0 = Release|Any CPU
		{816E219F-58C0-4378-9C09-315EE63B4118}.Release|Any CPU.Deploy.0 = Release|Any CPU
		{816E219F-58C0-4378-9C09-315EE63B4118}.Release|iPhone.ActiveCfg = Release|Any CPU
		{816E219F-58C0-4378-9C09-315EE63B4118}.Release|iPhone.Build.0 = Release|Any CPU
		{816E219F-58C0-4378-9C09-315EE63B4118}.Release|iPhone.Deploy.0 = Release|Any CPU
		{816E219F-58C0-4378-9C09-315EE63B4118}.Release|iPhoneSimulator.ActiveCfg = Release|Any CPU
		{816E219F-58C0-4378-9C09-315EE63B4118}.Release|iPhoneSimulator.Build.0 = Release|Any CPU
		{816E219F-58C0-4378-9C09-315EE63B4118}.Release|iPhoneSimulator.Deploy.0 = Release|Any CPU
		{D247EAE0-7BBA-46D2-A688-F46E29124439}.Debug|Any CPU.ActiveCfg = Debug|iPhone
		{D247EAE0-7BBA-46D2-A688-F46E29124439}.Debug|Any CPU.Build.0 = Debug|iPhone
		{D247EAE0-7BBA-46D2-A688-F46E29124439}.Debug|Any CPU.Deploy.0 = Debug|iPhone
		{D247EAE0-7BBA-46D2-A688-F46E29124439}.Debug|iPhone.ActiveCfg = Debug|iPhone
		{D247EAE0-7BBA-46D2-A688-F46E29124439}.Debug|iPhone.Build.0 = Debug|iPhone
		{D247EAE0-7BBA-46D2-A688-F46E29124439}.Debug|iPhone.Deploy.0 = Debug|iPhone
		{D247EAE0-7BBA-46D2-A688-F46E29124439}.Debug|iPhoneSimulator.ActiveCfg = Debug|iPhoneSimulator
		{D247EAE0-7BBA-46D2-A688-F46E29124439}.Debug|iPhoneSimulator.Build.0 = Debug|iPhoneSimulator
		{D247EAE0-7BBA-46D2-A688-F46E29124439}.Debug|iPhoneSimulator.Deploy.0 = Debug|iPhoneSimulator
		{D247EAE0-7BBA-46D2-A688-F46E29124439}.Release|Any CPU.ActiveCfg = Release|iPhoneSimulator
		{D247EAE0-7BBA-46D2-A688-F46E29124439}.Release|Any CPU.Build.0 = Release|iPhoneSimulator
		{D247EAE0-7BBA-46D2-A688-F46E29124439}.Release|Any CPU.Deploy.0 = Release|iPhoneSimulator
		{D247EAE0-7BBA-46D2-A688-F46E29124439}.Release|iPhone.ActiveCfg = Release|iPhone
		{D247EAE0-7BBA-46D2-A688-F46E29124439}.Release|iPhone.Build.0 = Release|iPhone
		{D247EAE0-7BBA-46D2-A688-F46E29124439}.Release|iPhone.Deploy.0 = Release|iPhone
		{D247EAE0-7BBA-46D2-A688-F46E29124439}.Release|iPhoneSimulator.ActiveCfg = Release|iPhoneSimulator
		{D247EAE0-7BBA-46D2-A688-F46E29124439}.Release|iPhoneSimulator.Build.0 = Release|iPhoneSimulator
		{D247EAE0-7BBA-46D2-A688-F46E29124439}.Release|iPhoneSimulator.Deploy.0 = Release|iPhoneSimulator
		{331CE92F-2BC9-4A9C-9E8A-8FFCEEF1535A}.Debug|Any CPU.ActiveCfg = Debug|Any CPU
		{331CE92F-2BC9-4A9C-9E8A-8FFCEEF1535A}.Debug|Any CPU.Build.0 = Debug|Any CPU
		{331CE92F-2BC9-4A9C-9E8A-8FFCEEF1535A}.Debug|Any CPU.Deploy.0 = Debug|Any CPU
		{331CE92F-2BC9-4A9C-9E8A-8FFCEEF1535A}.Debug|iPhone.ActiveCfg = Debug|Any CPU
		{331CE92F-2BC9-4A9C-9E8A-8FFCEEF1535A}.Debug|iPhone.Build.0 = Debug|Any CPU
		{331CE92F-2BC9-4A9C-9E8A-8FFCEEF1535A}.Debug|iPhone.Deploy.0 = Debug|Any CPU
		{331CE92F-2BC9-4A9C-9E8A-8FFCEEF1535A}.Debug|iPhoneSimulator.ActiveCfg = Debug|Any CPU
		{331CE92F-2BC9-4A9C-9E8A-8FFCEEF1535A}.Debug|iPhoneSimulator.Build.0 = Debug|Any CPU
		{331CE92F-2BC9-4A9C-9E8A-8FFCEEF1535A}.Debug|iPhoneSimulator.Deploy.0 = Debug|Any CPU
		{331CE92F-2BC9-4A9C-9E8A-8FFCEEF1535A}.Release|Any CPU.ActiveCfg = Release|Any CPU
		{331CE92F-2BC9-4A9C-9E8A-8FFCEEF1535A}.Release|Any CPU.Build.0 = Release|Any CPU
		{331CE92F-2BC9-4A9C-9E8A-8FFCEEF1535A}.Release|Any CPU.Deploy.0 = Release|Any CPU
		{331CE92F-2BC9-4A9C-9E8A-8FFCEEF1535A}.Release|iPhone.ActiveCfg = Release|Any CPU
		{331CE92F-2BC9-4A9C-9E8A-8FFCEEF1535A}.Release|iPhone.Build.0 = Release|Any CPU
		{331CE92F-2BC9-4A9C-9E8A-8FFCEEF1535A}.Release|iPhone.Deploy.0 = Release|Any CPU
		{331CE92F-2BC9-4A9C-9E8A-8FFCEEF1535A}.Release|iPhoneSimulator.ActiveCfg = Release|Any CPU
		{331CE92F-2BC9-4A9C-9E8A-8FFCEEF1535A}.Release|iPhoneSimulator.Build.0 = Release|Any CPU
		{331CE92F-2BC9-4A9C-9E8A-8FFCEEF1535A}.Release|iPhoneSimulator.Deploy.0 = Release|Any CPU
	EndGlobalSection
	GlobalSection(SolutionProperties) = preSolution
		HideSolutionNode = FALSE
	EndGlobalSection
	GlobalSection(ExtensibilityGlobals) = postSolution
		SolutionGuid = {BD564861-5D0F-43BA-BC4A-DC3046829C2B}
	EndGlobalSection
EndGlobal
